// !$*UTF8*$!
{
	archiveVersion = 1;
	classes = {
	};
	objectVersion = 56;
	objects = {

/* Begin PBXBuildFile section */
		6031A1E82AFB4EFA002F6032 /* OutLineGroup34.swift in Sources */ = {isa = PBXBuildFile; fileRef = 6031A1E72AFB4EFA002F6032 /* OutLineGroup34.swift */; };
		6044A3A72AF0DA640098DCA8 /* ListNAvigationView30.swift in Sources */ = {isa = PBXBuildFile; fileRef = 6044A3A62AF0DA640098DCA8 /* ListNAvigationView30.swift */; };
		60650A432AFBF10900CEBC27 /* GridEx1.swift in Sources */ = {isa = PBXBuildFile; fileRef = 60650A422AFBF10900CEBC27 /* GridEx1.swift */; };
		606A69F42AF4C82200F97A2C /* PhotoPickerSampleView.swift in Sources */ = {isa = PBXBuildFile; fileRef = 606A69F32AF4C82200F97A2C /* PhotoPickerSampleView.swift */; };
		60A6BDC52AFB0DA400200459 /* NavSplitDemoView.swift in Sources */ = {isa = PBXBuildFile; fileRef = 60A6BDC42AFB0DA400200459 /* NavSplitDemoView.swift */; };
		60A6BDC72AFB181B00200459 /* NavSplitViewTuto33.swift in Sources */ = {isa = PBXBuildFile; fileRef = 60A6BDC62AFB181B00200459 /* NavSplitViewTuto33.swift */; };
		60A6BDC92AFB20E200200459 /* EXNavSplit1.swift in Sources */ = {isa = PBXBuildFile; fileRef = 60A6BDC82AFB20E200200459 /* EXNavSplit1.swift */; };
		60A6BDCB2AFB236700200459 /* EXNavSplit2.swift in Sources */ = {isa = PBXBuildFile; fileRef = 60A6BDCA2AFB236700200459 /* EXNavSplit2.swift */; };
		60A6BDCD2AFB296900200459 /* NavSplitEx3.swift in Sources */ = {isa = PBXBuildFile; fileRef = 60A6BDCC2AFB296900200459 /* NavSplitEx3.swift */; };
		60AC61DA2AEF33F000F75E46 /* SwiftUIstApp.swift in Sources */ = {isa = PBXBuildFile; fileRef = 60AC61D92AEF33F000F75E46 /* SwiftUIstApp.swift */; };
		60AC61DC2AEF33F000F75E46 /* ContentView.swift in Sources */ = {isa = PBXBuildFile; fileRef = 60AC61DB2AEF33F000F75E46 /* ContentView.swift */; };
		60AC61DE2AEF33F100F75E46 /* Assets.xcassets in Resources */ = {isa = PBXBuildFile; fileRef = 60AC61DD2AEF33F100F75E46 /* Assets.xcassets */; };
		60AC61E12AEF33F100F75E46 /* Preview Assets.xcassets in Resources */ = {isa = PBXBuildFile; fileRef = 60AC61E02AEF33F100F75E46 /* Preview Assets.xcassets */; };
		60B321BE2B265BBF00C3B080 /* DrawDemo.swift in Sources */ = {isa = PBXBuildFile; fileRef = 60B321BD2B265BBF00C3B080 /* DrawDemo.swift */; };
		60B6202F2AFB58B40020C5AC /* DisClosureGoup34.swift in Sources */ = {isa = PBXBuildFile; fileRef = 60B6202E2AFB58B40020C5AC /* DisClosureGoup34.swift */; };
		60B620312AFB61C10020C5AC /* ExOutlineGroup.swift in Sources */ = {isa = PBXBuildFile; fileRef = 60B620302AFB61C10020C5AC /* ExOutlineGroup.swift */; };
		60B620332AFB713B0020C5AC /* LazyGrid36.swift in Sources */ = {isa = PBXBuildFile; fileRef = 60B620322AFB713B0020C5AC /* LazyGrid36.swift */; };
		60EFA3E82B2881DF00266A77 /* AnimationDemo.swift in Sources */ = {isa = PBXBuildFile; fileRef = 60EFA3E72B2881DF00266A77 /* AnimationDemo.swift */; };
		60F045262AF1DC0800A03A7B /* ListEX1.swift in Sources */ = {isa = PBXBuildFile; fileRef = 60F045252AF1DC0800A03A7B /* ListEX1.swift */; };
		60F045282AF1E02400A03A7B /* ListEX2.swift in Sources */ = {isa = PBXBuildFile; fileRef = 60F045272AF1E02400A03A7B /* ListEX2.swift */; };
		60F0452A2AF1E34400A03A7B /* ListEX3.swift in Sources */ = {isa = PBXBuildFile; fileRef = 60F045292AF1E34400A03A7B /* ListEX3.swift */; };
		60F0452C2AF1E6B200A03A7B /* ListEX4.swift in Sources */ = {isa = PBXBuildFile; fileRef = 60F0452B2AF1E6B200A03A7B /* ListEX4.swift */; };
		60F0452E2AF1E8A200A03A7B /* ListEX5.swift in Sources */ = {isa = PBXBuildFile; fileRef = 60F0452D2AF1E8A200A03A7B /* ListEX5.swift */; };
		60F045342AF228EF00A03A7B /* NavgationEX1.swift in Sources */ = {isa = PBXBuildFile; fileRef = 60F045332AF228EF00A03A7B /* NavgationEX1.swift */; };
		60F045362AF2295F00A03A7B /* NavEX2.swift in Sources */ = {isa = PBXBuildFile; fileRef = 60F045352AF2295F00A03A7B /* NavEX2.swift */; };
		60F045382AF22CBE00A03A7B /* NAvEX2_2.swift in Sources */ = {isa = PBXBuildFile; fileRef = 60F045372AF22CBE00A03A7B /* NAvEX2_2.swift */; };
		60F0453A2AF2314400A03A7B /* NavEX3.swift in Sources */ = {isa = PBXBuildFile; fileRef = 60F045392AF2314400A03A7B /* NavEX3.swift */; };
		60F0453E2AF235D700A03A7B /* NavEX4.swift in Sources */ = {isa = PBXBuildFile; fileRef = 60F0453D2AF235D700A03A7B /* NavEX4.swift */; };
		60F4880E2AEF691800303D21 /* Alignmnet29.swift in Sources */ = {isa = PBXBuildFile; fileRef = 60F4880D2AEF691800303D21 /* Alignmnet29.swift */; };
		60F4882B2AEF7A1600303D21 /* alignmentEx1.swift in Sources */ = {isa = PBXBuildFile; fileRef = 60F4882A2AEF7A1600303D21 /* alignmentEx1.swift */; };
		60F4882D2AEF7A2200303D21 /* AlignmentEx2.swift in Sources */ = {isa = PBXBuildFile; fileRef = 60F4882C2AEF7A2200303D21 /* AlignmentEx2.swift */; };
		60F488302AEF946500303D21 /* StackAlignment29.swift in Sources */ = {isa = PBXBuildFile; fileRef = 60F4882F2AEF946500303D21 /* StackAlignment29.swift */; };
		60F488382AEF9DDE00303D21 /* ZStackCustom.swift in Sources */ = {isa = PBXBuildFile; fileRef = 60F488372AEF9DDE00303D21 /* ZStackCustom.swift */; };
		60F573222AFC6823006B927B /* GridGridRow37.swift in Sources */ = {isa = PBXBuildFile; fileRef = 60F573212AFC6823006B927B /* GridGridRow37.swift */; };
		60F573242AFC78E8006B927B /* TabView38.swift in Sources */ = {isa = PBXBuildFile; fileRef = 60F573232AFC78E8006B927B /* TabView38.swift */; };
		60F573262AFC7FD3006B927B /* ContextMenu39.swift in Sources */ = {isa = PBXBuildFile; fileRef = 60F573252AFC7FD3006B927B /* ContextMenu39.swift */; };
/* End PBXBuildFile section */

/* Begin PBXFileReference section */
		6031A1E72AFB4EFA002F6032 /* OutLineGroup34.swift */ = {isa = PBXFileReference; lastKnownFileType = sourcecode.swift; path = OutLineGroup34.swift; sourceTree = "<group>"; };
		6044A3A62AF0DA640098DCA8 /* ListNAvigationView30.swift */ = {isa = PBXFileReference; lastKnownFileType = sourcecode.swift; path = ListNAvigationView30.swift; sourceTree = "<group>"; };
		605B72C52AF9CAB5005F2693 /* Generic.playground */ = {isa = PBXFileReference; lastKnownFileType = file.playground; path = Generic.playground; sourceTree = "<group>"; xcLanguageSpecificationIdentifier = xcode.lang.swift; };
		605B72C92AF9D7C6005F2693 /* GenericsEX.playground */ = {isa = PBXFileReference; lastKnownFileType = file.playground; path = GenericsEX.playground; sourceTree = "<group>"; xcLanguageSpecificationIdentifier = xcode.lang.swift; };
		60650A422AFBF10900CEBC27 /* GridEx1.swift */ = {isa = PBXFileReference; lastKnownFileType = sourcecode.swift; path = GridEx1.swift; sourceTree = "<group>"; };
		606A69F32AF4C82200F97A2C /* PhotoPickerSampleView.swift */ = {isa = PBXFileReference; lastKnownFileType = sourcecode.swift; path = PhotoPickerSampleView.swift; sourceTree = "<group>"; };
		607AE4BC2AF86F640079836E /* Protocol.playground */ = {isa = PBXFileReference; lastKnownFileType = file.playground; path = Protocol.playground; sourceTree = "<group>"; xcLanguageSpecificationIdentifier = xcode.lang.swift; };
		607AE4BD2AF880C30079836E /* ProtocolEx.playground */ = {isa = PBXFileReference; lastKnownFileType = file.playground; path = ProtocolEx.playground; sourceTree = "<group>"; xcLanguageSpecificationIdentifier = xcode.lang.swift; };
		607AE4BE2AF8D5190079836E /* SubScript.playground */ = {isa = PBXFileReference; lastKnownFileType = file.playground; path = SubScript.playground; sourceTree = "<group>"; xcLanguageSpecificationIdentifier = xcode.lang.swift; };
		60A6BDC42AFB0DA400200459 /* NavSplitDemoView.swift */ = {isa = PBXFileReference; lastKnownFileType = sourcecode.swift; path = NavSplitDemoView.swift; sourceTree = "<group>"; };
		60A6BDC62AFB181B00200459 /* NavSplitViewTuto33.swift */ = {isa = PBXFileReference; lastKnownFileType = sourcecode.swift; path = NavSplitViewTuto33.swift; sourceTree = "<group>"; };
		60A6BDC82AFB20E200200459 /* EXNavSplit1.swift */ = {isa = PBXFileReference; lastKnownFileType = sourcecode.swift; path = EXNavSplit1.swift; sourceTree = "<group>"; };
		60A6BDCA2AFB236700200459 /* EXNavSplit2.swift */ = {isa = PBXFileReference; lastKnownFileType = sourcecode.swift; path = EXNavSplit2.swift; sourceTree = "<group>"; };
		60A6BDCC2AFB296900200459 /* NavSplitEx3.swift */ = {isa = PBXFileReference; lastKnownFileType = sourcecode.swift; path = NavSplitEx3.swift; sourceTree = "<group>"; };
		60AC61D62AEF33F000F75E46 /* SwiftUIst.app */ = {isa = PBXFileReference; explicitFileType = wrapper.application; includeInIndex = 0; path = SwiftUIst.app; sourceTree = BUILT_PRODUCTS_DIR; };
		60AC61D92AEF33F000F75E46 /* SwiftUIstApp.swift */ = {isa = PBXFileReference; lastKnownFileType = sourcecode.swift; path = SwiftUIstApp.swift; sourceTree = "<group>"; };
		60AC61DB2AEF33F000F75E46 /* ContentView.swift */ = {isa = PBXFileReference; lastKnownFileType = sourcecode.swift; path = ContentView.swift; sourceTree = "<group>"; };
		60AC61DD2AEF33F100F75E46 /* Assets.xcassets */ = {isa = PBXFileReference; lastKnownFileType = folder.assetcatalog; path = Assets.xcassets; sourceTree = "<group>"; };
		60AC61E02AEF33F100F75E46 /* Preview Assets.xcassets */ = {isa = PBXFileReference; lastKnownFileType = folder.assetcatalog; path = "Preview Assets.xcassets"; sourceTree = "<group>"; };
		60B321BD2B265BBF00C3B080 /* DrawDemo.swift */ = {isa = PBXFileReference; lastKnownFileType = sourcecode.swift; path = DrawDemo.swift; sourceTree = "<group>"; };
		60B6202E2AFB58B40020C5AC /* DisClosureGoup34.swift */ = {isa = PBXFileReference; lastKnownFileType = sourcecode.swift; path = DisClosureGoup34.swift; sourceTree = "<group>"; };
		60B620302AFB61C10020C5AC /* ExOutlineGroup.swift */ = {isa = PBXFileReference; lastKnownFileType = sourcecode.swift; path = ExOutlineGroup.swift; sourceTree = "<group>"; };
		60B620322AFB713B0020C5AC /* LazyGrid36.swift */ = {isa = PBXFileReference; lastKnownFileType = sourcecode.swift; path = LazyGrid36.swift; sourceTree = "<group>"; };
		60EFA3E72B2881DF00266A77 /* AnimationDemo.swift */ = {isa = PBXFileReference; lastKnownFileType = sourcecode.swift; path = AnimationDemo.swift; sourceTree = "<group>"; };
		60F045252AF1DC0800A03A7B /* ListEX1.swift */ = {isa = PBXFileReference; lastKnownFileType = sourcecode.swift; path = ListEX1.swift; sourceTree = "<group>"; };
		60F045272AF1E02400A03A7B /* ListEX2.swift */ = {isa = PBXFileReference; lastKnownFileType = sourcecode.swift; path = ListEX2.swift; sourceTree = "<group>"; };
		60F045292AF1E34400A03A7B /* ListEX3.swift */ = {isa = PBXFileReference; lastKnownFileType = sourcecode.swift; path = ListEX3.swift; sourceTree = "<group>"; };
		60F0452B2AF1E6B200A03A7B /* ListEX4.swift */ = {isa = PBXFileReference; lastKnownFileType = sourcecode.swift; path = ListEX4.swift; sourceTree = "<group>"; };
		60F0452D2AF1E8A200A03A7B /* ListEX5.swift */ = {isa = PBXFileReference; lastKnownFileType = sourcecode.swift; path = ListEX5.swift; sourceTree = "<group>"; };
		60F045332AF228EF00A03A7B /* NavgationEX1.swift */ = {isa = PBXFileReference; lastKnownFileType = sourcecode.swift; path = NavgationEX1.swift; sourceTree = "<group>"; };
		60F045352AF2295F00A03A7B /* NavEX2.swift */ = {isa = PBXFileReference; lastKnownFileType = sourcecode.swift; path = NavEX2.swift; sourceTree = "<group>"; };
		60F045372AF22CBE00A03A7B /* NAvEX2_2.swift */ = {isa = PBXFileReference; lastKnownFileType = sourcecode.swift; path = NAvEX2_2.swift; sourceTree = "<group>"; };
		60F045392AF2314400A03A7B /* NavEX3.swift */ = {isa = PBXFileReference; lastKnownFileType = sourcecode.swift; path = NavEX3.swift; sourceTree = "<group>"; };
		60F0453D2AF235D700A03A7B /* NavEX4.swift */ = {isa = PBXFileReference; lastKnownFileType = sourcecode.swift; path = NavEX4.swift; sourceTree = "<group>"; };
		60F045552AF2AB0200A03A7B /* 1101.md */ = {isa = PBXFileReference; lastKnownFileType = net.daringfireball.markdown; path = 1101.md; sourceTree = "<group>"; };
		60F4880D2AEF691800303D21 /* Alignmnet29.swift */ = {isa = PBXFileReference; lastKnownFileType = sourcecode.swift; path = Alignmnet29.swift; sourceTree = "<group>"; };
		60F4882A2AEF7A1600303D21 /* alignmentEx1.swift */ = {isa = PBXFileReference; lastKnownFileType = sourcecode.swift; path = alignmentEx1.swift; sourceTree = "<group>"; };
		60F4882C2AEF7A2200303D21 /* AlignmentEx2.swift */ = {isa = PBXFileReference; lastKnownFileType = sourcecode.swift; path = AlignmentEx2.swift; sourceTree = "<group>"; };
		60F4882F2AEF946500303D21 /* StackAlignment29.swift */ = {isa = PBXFileReference; lastKnownFileType = sourcecode.swift; path = StackAlignment29.swift; sourceTree = "<group>"; };
		60F488372AEF9DDE00303D21 /* ZStackCustom.swift */ = {isa = PBXFileReference; lastKnownFileType = sourcecode.swift; path = ZStackCustom.swift; sourceTree = "<group>"; };
		60F573212AFC6823006B927B /* GridGridRow37.swift */ = {isa = PBXFileReference; lastKnownFileType = sourcecode.swift; path = GridGridRow37.swift; sourceTree = "<group>"; };
		60F573232AFC78E8006B927B /* TabView38.swift */ = {isa = PBXFileReference; lastKnownFileType = sourcecode.swift; path = TabView38.swift; sourceTree = "<group>"; };
		60F573252AFC7FD3006B927B /* ContextMenu39.swift */ = {isa = PBXFileReference; lastKnownFileType = sourcecode.swift; path = ContextMenu39.swift; sourceTree = "<group>"; };
/* End PBXFileReference section */

/* Begin PBXFrameworksBuildPhase section */
		60AC61D32AEF33F000F75E46 /* Frameworks */ = {
			isa = PBXFrameworksBuildPhase;
			buildActionMask = 2147483647;
			files = (
			);
			runOnlyForDeploymentPostprocessing = 0;
		};
/* End PBXFrameworksBuildPhase section */

/* Begin PBXGroup section */
		6044A3A52AF0DA1D0098DCA8 /* 1031 */ = {
			isa = PBXGroup;
			children = (
				6044A3A62AF0DA640098DCA8 /* ListNAvigationView30.swift */,
			);
			path = 1031;
			sourceTree = "<group>";
		};
		605B72C42AF9CA1D005F2693 /* 1107 */ = {
			isa = PBXGroup;
			children = (
				605B72C52AF9CAB5005F2693 /* Generic.playground */,
				605B72C92AF9D7C6005F2693 /* GenericsEX.playground */,
			);
			path = 1107;
			sourceTree = "<group>";
		};
		60650A412AFBF0F600CEBC27 /* GridEx */ = {
			isa = PBXGroup;
			children = (
				60650A422AFBF10900CEBC27 /* GridEx1.swift */,
			);
			path = GridEx;
			sourceTree = "<group>";
		};
		606A69F22AF4C80D00F97A2C /* 1103 */ = {
			isa = PBXGroup;
			children = (
				606A69F32AF4C82200F97A2C /* PhotoPickerSampleView.swift */,
			);
			path = 1103;
			sourceTree = "<group>";
		};
		607AE4BB2AF86F4D0079836E /* 1106 */ = {
			isa = PBXGroup;
			children = (
				607AE4BC2AF86F640079836E /* Protocol.playground */,
				607AE4BD2AF880C30079836E /* ProtocolEx.playground */,
				607AE4BE2AF8D5190079836E /* SubScript.playground */,
			);
			path = 1106;
			sourceTree = "<group>";
		};
		60A6BDC32AFB0BB700200459 /* 1108 */ = {
			isa = PBXGroup;
			children = (
				60650A412AFBF0F600CEBC27 /* GridEx */,
				60A6BDC42AFB0DA400200459 /* NavSplitDemoView.swift */,
				60A6BDC62AFB181B00200459 /* NavSplitViewTuto33.swift */,
				60A6BDC82AFB20E200200459 /* EXNavSplit1.swift */,
				60A6BDCA2AFB236700200459 /* EXNavSplit2.swift */,
				60A6BDCC2AFB296900200459 /* NavSplitEx3.swift */,
				6031A1E72AFB4EFA002F6032 /* OutLineGroup34.swift */,
				60B6202E2AFB58B40020C5AC /* DisClosureGoup34.swift */,
				60B620302AFB61C10020C5AC /* ExOutlineGroup.swift */,
				60B620322AFB713B0020C5AC /* LazyGrid36.swift */,
			);
			path = 1108;
			sourceTree = "<group>";
		};
		60AC61CD2AEF33F000F75E46 = {
			isa = PBXGroup;
			children = (
				60AC61D82AEF33F000F75E46 /* SwiftUIst */,
				60AC61D72AEF33F000F75E46 /* Products */,
			);
			sourceTree = "<group>";
		};
		60AC61D72AEF33F000F75E46 /* Products */ = {
			isa = PBXGroup;
			children = (
				60AC61D62AEF33F000F75E46 /* SwiftUIst.app */,
			);
			name = Products;
			sourceTree = "<group>";
		};
		60AC61D82AEF33F000F75E46 /* SwiftUIst */ = {
			isa = PBXGroup;
			children = (
				60EFA3E62B2881CC00266A77 /* 41 */,
				60B321BC2B265BA800C3B080 /* 40 */,
				60F573202AFC6803006B927B /* 1109 */,
				60A6BDC32AFB0BB700200459 /* 1108 */,
				605B72C42AF9CA1D005F2693 /* 1107 */,
				607AE4BB2AF86F4D0079836E /* 1106 */,
				606A69F22AF4C80D00F97A2C /* 1103 */,
				60F045232AF1D6AB00A03A7B /* 1101 */,
				6044A3A52AF0DA1D0098DCA8 /* 1031 */,
				60AC61E72AEF468700F75E46 /* 1030 */,
				60AC61D92AEF33F000F75E46 /* SwiftUIstApp.swift */,
				60AC61DD2AEF33F100F75E46 /* Assets.xcassets */,
				60AC61DF2AEF33F100F75E46 /* Preview Content */,
			);
			path = SwiftUIst;
			sourceTree = "<group>";
		};
		60AC61DF2AEF33F100F75E46 /* Preview Content */ = {
			isa = PBXGroup;
			children = (
				60AC61E02AEF33F100F75E46 /* Preview Assets.xcassets */,
			);
			path = "Preview Content";
			sourceTree = "<group>";
		};
		60AC61E72AEF468700F75E46 /* 1030 */ = {
			isa = PBXGroup;
			children = (
				60AC61DB2AEF33F000F75E46 /* ContentView.swift */,
				60F4880D2AEF691800303D21 /* Alignmnet29.swift */,
				60F4882F2AEF946500303D21 /* StackAlignment29.swift */,
				60F488372AEF9DDE00303D21 /* ZStackCustom.swift */,
				60F4882E2AEF7A2B00303D21 /* EX */,
			);
			path = 1030;
			sourceTree = "<group>";
		};
		60B321BC2B265BA800C3B080 /* 40 */ = {
			isa = PBXGroup;
			children = (
				60B321BD2B265BBF00C3B080 /* DrawDemo.swift */,
			);
			path = 40;
			sourceTree = "<group>";
		};
		60EFA3E62B2881CC00266A77 /* 41 */ = {
			isa = PBXGroup;
			children = (
				60EFA3E72B2881DF00266A77 /* AnimationDemo.swift */,
			);
			path = 41;
			sourceTree = "<group>";
		};
		60F045232AF1D6AB00A03A7B /* 1101 */ = {
			isa = PBXGroup;
			children = (
				60F045322AF228D600A03A7B /* NavigationEX */,
				60F045242AF1DBE300A03A7B /* ListEX */,
				60F045552AF2AB0200A03A7B /* 1101.md */,
			);
			path = 1101;
			sourceTree = "<group>";
		};
		60F045242AF1DBE300A03A7B /* ListEX */ = {
			isa = PBXGroup;
			children = (
				60F045252AF1DC0800A03A7B /* ListEX1.swift */,
				60F045272AF1E02400A03A7B /* ListEX2.swift */,
				60F045292AF1E34400A03A7B /* ListEX3.swift */,
				60F0452B2AF1E6B200A03A7B /* ListEX4.swift */,
				60F0452D2AF1E8A200A03A7B /* ListEX5.swift */,
			);
			path = ListEX;
			sourceTree = "<group>";
		};
		60F045322AF228D600A03A7B /* NavigationEX */ = {
			isa = PBXGroup;
			children = (
				60F045332AF228EF00A03A7B /* NavgationEX1.swift */,
				60F045352AF2295F00A03A7B /* NavEX2.swift */,
				60F045372AF22CBE00A03A7B /* NAvEX2_2.swift */,
				60F045392AF2314400A03A7B /* NavEX3.swift */,
				60F0453D2AF235D700A03A7B /* NavEX4.swift */,
			);
			path = NavigationEX;
			sourceTree = "<group>";
		};
		60F4882E2AEF7A2B00303D21 /* EX */ = {
			isa = PBXGroup;
			children = (
				60F4882A2AEF7A1600303D21 /* alignmentEx1.swift */,
				60F4882C2AEF7A2200303D21 /* AlignmentEx2.swift */,
			);
			path = EX;
			sourceTree = "<group>";
		};
		60F573202AFC6803006B927B /* 1109 */ = {
			isa = PBXGroup;
			children = (
				60F573212AFC6823006B927B /* GridGridRow37.swift */,
				60F573232AFC78E8006B927B /* TabView38.swift */,
				60F573252AFC7FD3006B927B /* ContextMenu39.swift */,
			);
			path = 1109;
			sourceTree = "<group>";
		};
/* End PBXGroup section */

/* Begin PBXNativeTarget section */
		60AC61D52AEF33F000F75E46 /* SwiftUIst */ = {
			isa = PBXNativeTarget;
			buildConfigurationList = 60AC61E42AEF33F100F75E46 /* Build configuration list for PBXNativeTarget "SwiftUIst" */;
			buildPhases = (
				60AC61D22AEF33F000F75E46 /* Sources */,
				60AC61D32AEF33F000F75E46 /* Frameworks */,
				60AC61D42AEF33F000F75E46 /* Resources */,
			);
			buildRules = (
			);
			dependencies = (
			);
			name = SwiftUIst;
			productName = SwiftUIst;
			productReference = 60AC61D62AEF33F000F75E46 /* SwiftUIst.app */;
			productType = "com.apple.product-type.application";
		};
/* End PBXNativeTarget section */

/* Begin PBXProject section */
		60AC61CE2AEF33F000F75E46 /* Project object */ = {
			isa = PBXProject;
			attributes = {
				BuildIndependentTargetsInParallel = 1;
				LastSwiftUpdateCheck = 1500;
				LastUpgradeCheck = 1500;
				TargetAttributes = {
					60AC61D52AEF33F000F75E46 = {
						CreatedOnToolsVersion = 15.0.1;
					};
				};
			};
			buildConfigurationList = 60AC61D12AEF33F000F75E46 /* Build configuration list for PBXProject "SwiftUIst" */;
			compatibilityVersion = "Xcode 14.0";
			developmentRegion = en;
			hasScannedForEncodings = 0;
			knownRegions = (
				en,
				Base,
			);
			mainGroup = 60AC61CD2AEF33F000F75E46;
			productRefGroup = 60AC61D72AEF33F000F75E46 /* Products */;
			projectDirPath = "";
			projectRoot = "";
			targets = (
				60AC61D52AEF33F000F75E46 /* SwiftUIst */,
			);
		};
/* End PBXProject section */

/* Begin PBXResourcesBuildPhase section */
		60AC61D42AEF33F000F75E46 /* Resources */ = {
			isa = PBXResourcesBuildPhase;
			buildActionMask = 2147483647;
			files = (
				60AC61E12AEF33F100F75E46 /* Preview Assets.xcassets in Resources */,
				60AC61DE2AEF33F100F75E46 /* Assets.xcassets in Resources */,
			);
			runOnlyForDeploymentPostprocessing = 0;
		};
/* End PBXResourcesBuildPhase section */

/* Begin PBXSourcesBuildPhase section */
		60AC61D22AEF33F000F75E46 /* Sources */ = {
			isa = PBXSourcesBuildPhase;
			buildActionMask = 2147483647;
			files = (
				60B321BE2B265BBF00C3B080 /* DrawDemo.swift in Sources */,
				60F488382AEF9DDE00303D21 /* ZStackCustom.swift in Sources */,
				60F0452C2AF1E6B200A03A7B /* ListEX4.swift in Sources */,
				60F045342AF228EF00A03A7B /* NavgationEX1.swift in Sources */,
				6031A1E82AFB4EFA002F6032 /* OutLineGroup34.swift in Sources */,
				60F045282AF1E02400A03A7B /* ListEX2.swift in Sources */,
				60F573222AFC6823006B927B /* GridGridRow37.swift in Sources */,
				60EFA3E82B2881DF00266A77 /* AnimationDemo.swift in Sources */,
				60A6BDCB2AFB236700200459 /* EXNavSplit2.swift in Sources */,
				60F0453E2AF235D700A03A7B /* NavEX4.swift in Sources */,
				60A6BDC72AFB181B00200459 /* NavSplitViewTuto33.swift in Sources */,
				60F0453A2AF2314400A03A7B /* NavEX3.swift in Sources */,
				60A6BDC92AFB20E200200459 /* EXNavSplit1.swift in Sources */,
				60B620332AFB713B0020C5AC /* LazyGrid36.swift in Sources */,
				60F045362AF2295F00A03A7B /* NavEX2.swift in Sources */,
				60F4880E2AEF691800303D21 /* Alignmnet29.swift in Sources */,
				60B620312AFB61C10020C5AC /* ExOutlineGroup.swift in Sources */,
				60F573242AFC78E8006B927B /* TabView38.swift in Sources */,
				60B6202F2AFB58B40020C5AC /* DisClosureGoup34.swift in Sources */,
				60F0452A2AF1E34400A03A7B /* ListEX3.swift in Sources */,
				60650A432AFBF10900CEBC27 /* GridEx1.swift in Sources */,
				6044A3A72AF0DA640098DCA8 /* ListNAvigationView30.swift in Sources */,
				60F573262AFC7FD3006B927B /* ContextMenu39.swift in Sources */,
				60A6BDCD2AFB296900200459 /* NavSplitEx3.swift in Sources */,
				60AC61DC2AEF33F000F75E46 /* ContentView.swift in Sources */,
				606A69F42AF4C82200F97A2C /* PhotoPickerSampleView.swift in Sources */,
				60F045262AF1DC0800A03A7B /* ListEX1.swift in Sources */,
				60F4882B2AEF7A1600303D21 /* alignmentEx1.swift in Sources */,
				60F0452E2AF1E8A200A03A7B /* ListEX5.swift in Sources */,
				60AC61DA2AEF33F000F75E46 /* SwiftUIstApp.swift in Sources */,
				60F4882D2AEF7A2200303D21 /* AlignmentEx2.swift in Sources */,
				60F045382AF22CBE00A03A7B /* NAvEX2_2.swift in Sources */,
				60A6BDC52AFB0DA400200459 /* NavSplitDemoView.swift in Sources */,
				60F488302AEF946500303D21 /* StackAlignment29.swift in Sources */,
			);
			runOnlyForDeploymentPostprocessing = 0;
		};
/* End PBXSourcesBuildPhase section */

/* Begin XCBuildConfiguration section */
		60AC61E22AEF33F100F75E46 /* Debug */ = {
			isa = XCBuildConfiguration;
			buildSettings = {
				ALWAYS_SEARCH_USER_PATHS = NO;
				ASSETCATALOG_COMPILER_GENERATE_SWIFT_ASSET_SYMBOL_EXTENSIONS = YES;
				CLANG_ANALYZER_NONNULL = YES;
				CLANG_ANALYZER_NUMBER_OBJECT_CONVERSION = YES_AGGRESSIVE;
				CLANG_CXX_LANGUAGE_STANDARD = "gnu++20";
				CLANG_ENABLE_MODULES = YES;
				CLANG_ENABLE_OBJC_ARC = YES;
				CLANG_ENABLE_OBJC_WEAK = YES;
				CLANG_WARN_BLOCK_CAPTURE_AUTORELEASING = YES;
				CLANG_WARN_BOOL_CONVERSION = YES;
				CLANG_WARN_COMMA = YES;
				CLANG_WARN_CONSTANT_CONVERSION = YES;
				CLANG_WARN_DEPRECATED_OBJC_IMPLEMENTATIONS = YES;
				CLANG_WARN_DIRECT_OBJC_ISA_USAGE = YES_ERROR;
				CLANG_WARN_DOCUMENTATION_COMMENTS = YES;
				CLANG_WARN_EMPTY_BODY = YES;
				CLANG_WARN_ENUM_CONVERSION = YES;
				CLANG_WARN_INFINITE_RECURSION = YES;
				CLANG_WARN_INT_CONVERSION = YES;
				CLANG_WARN_NON_LITERAL_NULL_CONVERSION = YES;
				CLANG_WARN_OBJC_IMPLICIT_RETAIN_SELF = YES;
				CLANG_WARN_OBJC_LITERAL_CONVERSION = YES;
				CLANG_WARN_OBJC_ROOT_CLASS = YES_ERROR;
				CLANG_WARN_QUOTED_INCLUDE_IN_FRAMEWORK_HEADER = YES;
				CLANG_WARN_RANGE_LOOP_ANALYSIS = YES;
				CLANG_WARN_STRICT_PROTOTYPES = YES;
				CLANG_WARN_SUSPICIOUS_MOVE = YES;
				CLANG_WARN_UNGUARDED_AVAILABILITY = YES_AGGRESSIVE;
				CLANG_WARN_UNREACHABLE_CODE = YES;
				CLANG_WARN__DUPLICATE_METHOD_MATCH = YES;
				COPY_PHASE_STRIP = NO;
				DEBUG_INFORMATION_FORMAT = dwarf;
				ENABLE_STRICT_OBJC_MSGSEND = YES;
				ENABLE_TESTABILITY = YES;
				ENABLE_USER_SCRIPT_SANDBOXING = YES;
				GCC_C_LANGUAGE_STANDARD = gnu17;
				GCC_DYNAMIC_NO_PIC = NO;
				GCC_NO_COMMON_BLOCKS = YES;
				GCC_OPTIMIZATION_LEVEL = 0;
				GCC_PREPROCESSOR_DEFINITIONS = (
					"DEBUG=1",
					"$(inherited)",
				);
				GCC_WARN_64_TO_32_BIT_CONVERSION = YES;
				GCC_WARN_ABOUT_RETURN_TYPE = YES_ERROR;
				GCC_WARN_UNDECLARED_SELECTOR = YES;
				GCC_WARN_UNINITIALIZED_AUTOS = YES_AGGRESSIVE;
				GCC_WARN_UNUSED_FUNCTION = YES;
				GCC_WARN_UNUSED_VARIABLE = YES;
				IPHONEOS_DEPLOYMENT_TARGET = 17.0;
				LOCALIZATION_PREFERS_STRING_CATALOGS = YES;
				MTL_ENABLE_DEBUG_INFO = INCLUDE_SOURCE;
				MTL_FAST_MATH = YES;
				ONLY_ACTIVE_ARCH = YES;
				SDKROOT = iphoneos;
				SWIFT_ACTIVE_COMPILATION_CONDITIONS = "DEBUG $(inherited)";
				SWIFT_OPTIMIZATION_LEVEL = "-Onone";
			};
			name = Debug;
		};
		60AC61E32AEF33F100F75E46 /* Release */ = {
			isa = XCBuildConfiguration;
			buildSettings = {
				ALWAYS_SEARCH_USER_PATHS = NO;
				ASSETCATALOG_COMPILER_GENERATE_SWIFT_ASSET_SYMBOL_EXTENSIONS = YES;
				CLANG_ANALYZER_NONNULL = YES;
				CLANG_ANALYZER_NUMBER_OBJECT_CONVERSION = YES_AGGRESSIVE;
				CLANG_CXX_LANGUAGE_STANDARD = "gnu++20";
				CLANG_ENABLE_MODULES = YES;
				CLANG_ENABLE_OBJC_ARC = YES;
				CLANG_ENABLE_OBJC_WEAK = YES;
				CLANG_WARN_BLOCK_CAPTURE_AUTORELEASING = YES;
				CLANG_WARN_BOOL_CONVERSION = YES;
				CLANG_WARN_COMMA = YES;
				CLANG_WARN_CONSTANT_CONVERSION = YES;
				CLANG_WARN_DEPRECATED_OBJC_IMPLEMENTATIONS = YES;
				CLANG_WARN_DIRECT_OBJC_ISA_USAGE = YES_ERROR;
				CLANG_WARN_DOCUMENTATION_COMMENTS = YES;
				CLANG_WARN_EMPTY_BODY = YES;
				CLANG_WARN_ENUM_CONVERSION = YES;
				CLANG_WARN_INFINITE_RECURSION = YES;
				CLANG_WARN_INT_CONVERSION = YES;
				CLANG_WARN_NON_LITERAL_NULL_CONVERSION = YES;
				CLANG_WARN_OBJC_IMPLICIT_RETAIN_SELF = YES;
				CLANG_WARN_OBJC_LITERAL_CONVERSION = YES;
				CLANG_WARN_OBJC_ROOT_CLASS = YES_ERROR;
				CLANG_WARN_QUOTED_INCLUDE_IN_FRAMEWORK_HEADER = YES;
				CLANG_WARN_RANGE_LOOP_ANALYSIS = YES;
				CLANG_WARN_STRICT_PROTOTYPES = YES;
				CLANG_WARN_SUSPICIOUS_MOVE = YES;
				CLANG_WARN_UNGUARDED_AVAILABILITY = YES_AGGRESSIVE;
				CLANG_WARN_UNREACHABLE_CODE = YES;
				CLANG_WARN__DUPLICATE_METHOD_MATCH = YES;
				COPY_PHASE_STRIP = NO;
				DEBUG_INFORMATION_FORMAT = "dwarf-with-dsym";
				ENABLE_NS_ASSERTIONS = NO;
				ENABLE_STRICT_OBJC_MSGSEND = YES;
				ENABLE_USER_SCRIPT_SANDBOXING = YES;
				GCC_C_LANGUAGE_STANDARD = gnu17;
				GCC_NO_COMMON_BLOCKS = YES;
				GCC_WARN_64_TO_32_BIT_CONVERSION = YES;
				GCC_WARN_ABOUT_RETURN_TYPE = YES_ERROR;
				GCC_WARN_UNDECLARED_SELECTOR = YES;
				GCC_WARN_UNINITIALIZED_AUTOS = YES_AGGRESSIVE;
				GCC_WARN_UNUSED_FUNCTION = YES;
				GCC_WARN_UNUSED_VARIABLE = YES;
				IPHONEOS_DEPLOYMENT_TARGET = 17.0;
				LOCALIZATION_PREFERS_STRING_CATALOGS = YES;
				MTL_ENABLE_DEBUG_INFO = NO;
				MTL_FAST_MATH = YES;
				SDKROOT = iphoneos;
				SWIFT_COMPILATION_MODE = wholemodule;
				VALIDATE_PRODUCT = YES;
			};
			name = Release;
		};
		60AC61E52AEF33F100F75E46 /* Debug */ = {
			isa = XCBuildConfiguration;
			buildSettings = {
				ASSETCATALOG_COMPILER_APPICON_NAME = AppIcon;
				ASSETCATALOG_COMPILER_GLOBAL_ACCENT_COLOR_NAME = AccentColor;
				CODE_SIGN_STYLE = Automatic;
				CURRENT_PROJECT_VERSION = 1;
				DEVELOPMENT_ASSET_PATHS = "\"SwiftUIst/Preview Content\"";
				ENABLE_PREVIEWS = YES;
				GENERATE_INFOPLIST_FILE = YES;
				INFOPLIST_KEY_UIApplicationSceneManifest_Generation = YES;
				INFOPLIST_KEY_UIApplicationSupportsIndirectInputEvents = YES;
				INFOPLIST_KEY_UILaunchScreen_Generation = YES;
				INFOPLIST_KEY_UISupportedInterfaceOrientations_iPad = "UIInterfaceOrientationPortrait UIInterfaceOrientationPortraitUpsideDown UIInterfaceOrientationLandscapeLeft UIInterfaceOrientationLandscapeRight";
				INFOPLIST_KEY_UISupportedInterfaceOrientations_iPhone = "UIInterfaceOrientationPortrait UIInterfaceOrientationLandscapeLeft UIInterfaceOrientationLandscapeRight";
				LD_RUNPATH_SEARCH_PATHS = (
					"$(inherited)",
					"@executable_path/Frameworks",
				);
				MARKETING_VERSION = 1.0;
				PRODUCT_BUNDLE_IDENTIFIER = DasanJeong.SwiftUIst;
				PRODUCT_NAME = "$(TARGET_NAME)";
				SWIFT_EMIT_LOC_STRINGS = YES;
				SWIFT_VERSION = 5.0;
				TARGETED_DEVICE_FAMILY = "1,2";
			};
			name = Debug;
		};
		60AC61E62AEF33F100F75E46 /* Release */ = {
			isa = XCBuildConfiguration;
			buildSettings = {
				ASSETCATALOG_COMPILER_APPICON_NAME = AppIcon;
				ASSETCATALOG_COMPILER_GLOBAL_ACCENT_COLOR_NAME = AccentColor;
				CODE_SIGN_STYLE = Automatic;
				CURRENT_PROJECT_VERSION = 1;
				DEVELOPMENT_ASSET_PATHS = "\"SwiftUIst/Preview Content\"";
				ENABLE_PREVIEWS = YES;
				GENERATE_INFOPLIST_FILE = YES;
				INFOPLIST_KEY_UIApplicationSceneManifest_Generation = YES;
				INFOPLIST_KEY_UIApplicationSupportsIndirectInputEvents = YES;
				INFOPLIST_KEY_UILaunchScreen_Generation = YES;
				INFOPLIST_KEY_UISupportedInterfaceOrientations_iPad = "UIInterfaceOrientationPortrait UIInterfaceOrientationPortraitUpsideDown UIInterfaceOrientationLandscapeLeft UIInterfaceOrientationLandscapeRight";
				INFOPLIST_KEY_UISupportedInterfaceOrientations_iPhone = "UIInterfaceOrientationPortrait UIInterfaceOrientationLandscapeLeft UIInterfaceOrientationLandscapeRight";
				LD_RUNPATH_SEARCH_PATHS = (
					"$(inherited)",
					"@executable_path/Frameworks",
				);
				MARKETING_VERSION = 1.0;
				PRODUCT_BUNDLE_IDENTIFIER = DasanJeong.SwiftUIst;
				PRODUCT_NAME = "$(TARGET_NAME)";
				SWIFT_EMIT_LOC_STRINGS = YES;
				SWIFT_VERSION = 5.0;
				TARGETED_DEVICE_FAMILY = "1,2";
			};
			name = Release;
		};
/* End XCBuildConfiguration section */

/* Begin XCConfigurationList section */
		60AC61D12AEF33F000F75E46 /* Build configuration list for PBXProject "SwiftUIst" */ = {
			isa = XCConfigurationList;
			buildConfigurations = (
				60AC61E22AEF33F100F75E46 /* Debug */,
				60AC61E32AEF33F100F75E46 /* Release */,
			);
			defaultConfigurationIsVisible = 0;
			defaultConfigurationName = Release;
		};
		60AC61E42AEF33F100F75E46 /* Build configuration list for PBXNativeTarget "SwiftUIst" */ = {
			isa = XCConfigurationList;
			buildConfigurations = (
				60AC61E52AEF33F100F75E46 /* Debug */,
				60AC61E62AEF33F100F75E46 /* Release */,
			);
			defaultConfigurationIsVisible = 0;
			defaultConfigurationName = Release;
		};
/* End XCConfigurationList section */
	};
	rootObject = 60AC61CE2AEF33F000F75E46 /* Project object */;
}
